{
  "name": "my_addon",
  "version": "1.1.0",
  "lockfileVersion": 3,
  "requires": true,
  "packages": {
    "": {
      "name": "my_addon",
      "version": "1.1.0",
      "license": "ISC",
      "dependencies": {
        "@minecraft/server": "^2.7.0-beta.1.26.10-preview.24"
      },
      "devDependencies": {
        "typescript": "^5.9.3"
      }
    },
    "node_modules/@minecraft/common": {
      "version": "1.2.0",
      "resolved": "https://registry.npmjs.org/@minecraft/common/-/common-1.2.0.tgz",
      "integrity": "sha512-JdmEq4P3Z/FtoBzhLijFgMSVFnFRrUoLwY8DHHrgtFo0mfLTOLTB1RErYjLMsA6b7BGVNxkX/pfFRiH7QZ0XwQ==",
      "license": "MIT",
      "peer": true
    },
    "node_modules/@minecraft/server": {
      "version": "2.7.0-beta.1.26.10-preview.24",
      "resolved": "https://registry.npmjs.org/@minecraft/server/-/server-2.7.0-beta.1.26.10-preview.24.tgz",
      "integrity": "sha512-IcXcN7Kl1ljMI92rU1LwSJ8MBZGL9X6BH1CrEwbz5W1GyNUmnuBxv7YuZlLtkt20aNDZdc+FLzRhuELcJsauHg==",
      "license": "MIT",
      "peerDependencies": {
        "@minecraft/common": "^1.2.0",
        "@minecraft/vanilla-data": ">=1.20.70 || 1.26.10-preview.24"
      }
    },
    "node_modules/@minecraft/vanilla-data": {
      "version": "1.26.0",
      "resolved": "https://registry.npmjs.org/@minecraft/vanilla-data/-/vanilla-data-1.26.0.tgz",
      "integrity": "sha512-jFIXJXGW0SzVazD3h+PW378YJF937mCZRR+7REJben6M44+yuLPWSf32VVTlmTHJeVsX6XbVnxWY9xWud6iUig==",
      "license": "MIT",
      "peer": true
    },
    "node_modules/typescript": {
      "version": "5.9.3",
      "resolved": "https://registry.npmjs.org/typescript/-/typescript-5.9.3.tgz",
      "integrity": "sha512-jl1vZzPDinLr9eUt3J/t7V6FgNEw9QjvBPdysz9KfQDD41fQrC2Y4vKQdiaUpFT4bXlb1RHhLpp8wtm6M5TgSw==",
      "dev": true,
      "license": "Apache-2.0",
      "bin": {
        "tsc": "bin/tsc",
        "tsserver": "bin/tsserver"
      },
      "engines": {
        "node": ">=14.17"
      }
    }
  }
}
